# THIS IS AN AUTOGENERATED FILE. DO NOT EDIT THIS FILE DIRECTLY.
# yarn lockfile v1


iconv@^3.0.0:
  version "3.0.0"
  resolved "https://registry.yarnpkg.com/iconv/-/iconv-3.0.0.tgz#9a293ec123b16b4717e450714ddbb07f985b7d9c"
  integrity sha512-bKTEP55J/e+UutBE3BDBWq6KukPWh3GBYCZGbLEY9vxRDUU2F3bqvPsp/a/DEdIamgF2MvW5lF0Rj1U/7KRL+g==
